
Microsoft Visual Studio Solution File, Format Version 12.00
# Visual Studio Version 16
VisualStudioVersion = 16.0.808.0
MinimumVisualStudioVersion = 10.0.40219.1
Project("{FAE04EC0-301F-11D3-BF4B-00C04F79EFBC}") = "EntityFrameworkConsoleApp", "EntityFrameworkConsoleApp\EntityFrameworkConsoleApp.csproj", "{A8BFC264-EBFB-45FB-9647-47F8B27AB818}"
EndProject
Project("{FAE04EC0-301F-11D3-BF4B-00C04F79EFBC}") = "WebApi", "WebApi\WebApi.csproj", "{E733B861-C9D7-4A53-BCDC-408D0ABA2393}"
EndProject
Project("{FAE04EC0-301F-11D3-BF4B-00C04F79EFBC}") = "IdentityServer", "IdentityServer\IdentityServer.csproj", "{E2062E03-AD86-4FD0-A008-12A2B72F8F80}"
EndProject
Global
	GlobalSection(SolutionConfigurationPlatforms) = preSolution
		Debug|Any CPU = Debug|Any CPU
		Release|Any CPU = Release|Any CPU
	EndGlobalSection
	GlobalSection(ProjectConfigurationPlatforms) = postSolution
		{A8BFC264-EBFB-45FB-9647-47F8B27AB818}.Debug|Any CPU.ActiveCfg = Debug|Any CPU
		{A8BFC264-EBFB-45FB-9647-47F8B27AB818}.Debug|Any CPU.Build.0 = Debug|Any CPU
		{A8BFC264-EBFB-45FB-9647-47F8B27AB818}.Release|Any CPU.ActiveCfg = Release|Any CPU
		{A8BFC264-EBFB-45FB-9647-47F8B27AB818}.Release|Any CPU.Build.0 = Release|Any CPU
		{E733B861-C9D7-4A53-BCDC-408D0ABA2393}.Debug|Any CPU.ActiveCfg = Debug|Any CPU
		{E733B861-C9D7-4A53-BCDC-408D0ABA2393}.Debug|Any CPU.Build.0 = Debug|Any CPU
		{E733B861-C9D7-4A53-BCDC-408D0ABA2393}.Release|Any CPU.ActiveCfg = Release|Any CPU
		{E733B861-C9D7-4A53-BCDC-408D0ABA2393}.Release|Any CPU.Build.0 = Release|Any CPU
		{E2062E03-AD86-4FD0-A008-12A2B72F8F80}.Debug|Any CPU.ActiveCfg = Debug|Any CPU
		{E2062E03-AD86-4FD0-A008-12A2B72F8F80}.Debug|Any CPU.Build.0 = Debug|Any CPU
		{E2062E03-AD86-4FD0-A008-12A2B72F8F80}.Release|Any CPU.ActiveCfg = Release|Any CPU
		{E2062E03-AD86-4FD0-A008-12A2B72F8F80}.Release|Any CPU.Build.0 = Release|Any CPU
	EndGlobalSection
	GlobalSection(SolutionProperties) = preSolution
		HideSolutionNode = FALSE
	EndGlobalSection
	GlobalSection(ExtensibilityGlobals) = postSolution
		SolutionGuid = {E4E55AF0-B4DD-4E96-9409-59B02EB54F88}
	EndGlobalSection
EndGlobal
